
Microsoft Visual Studio Solution File, Format Version 12.00
# Visual Studio Version 16
VisualStudioVersion = 16.0.29006.145
MinimumVisualStudioVersion = 10.0.40219.1
Project("{FAE04EC0-301F-11D3-BF4B-00C04F79EFBC}") = "MyBlog.WebUI", "MyBlog.WebUI\MyBlog.WebUI.csproj", "{B6FC282D-EEEB-4EDB-B71C-BEAFD41D4B26}"
EndProject
Global
	GlobalSection(SolutionConfigurationPlatforms) = preSolution
		Debug|Any CPU = Debug|Any CPU
		Release|Any CPU = Release|Any CPU
	EndGlobalSection
	GlobalSection(ProjectConfigurationPlatforms) = postSolution
		{B6FC282D-EEEB-4EDB-B71C-BEAFD41D4B26}.Debug|Any CPU.ActiveCfg = Debug|Any CPU
		{B6FC282D-EEEB-4EDB-B71C-BEAFD41D4B26}.Debug|Any CPU.Build.0 = Debug|Any CPU
		{B6FC282D-EEEB-4EDB-B71C-BEAFD41D4B26}.Release|Any CPU.ActiveCfg = Release|Any CPU
		{B6FC282D-EEEB-4EDB-B71C-BEAFD41D4B26}.Release|Any CPU.Build.0 = Release|Any CPU
	EndGlobalSection
	GlobalSection(SolutionProperties) = preSolution
		HideSolutionNode = FALSE
	EndGlobalSection
	GlobalSection(ExtensibilityGlobals) = postSolution
		SolutionGuid = {D4BBE2FC-191D-4389-B01D-CF637DAC8259}
	EndGlobalSection
EndGlobal
